# THIS IS AN AUTOGENERATED FILE. DO NOT EDIT THIS FILE DIRECTLY.
# yarn lockfile v1


"@graphy/content.ttl.write@^4.3.3":
  version "4.3.3"
  resolved "https://registry.yarnpkg.com/@graphy/content.ttl.write/-/content.ttl.write-4.3.3.tgz#8e1074a7a0fc60c9271a0b5bba60f7258db2f90b"
  integrity sha512-UTY1kz1vhw4ugcgOk1XptqGgHjFH8yDSACfMNBZadE9sUrYvloeiY4QcCrHX1CZXf2/p9kHwEd0pB/7orbVYAQ==
  dependencies:
    "@graphy/core.class.writable" "^4.3.3"
    "@graphy/core.data.factory" "^4.3.3"
    big-integer "^1.6.48"

"@graphy/core.class.scribable@^4.3.3":
  version "4.3.3"
  resolved "https://registry.yarnpkg.com/@graphy/core.class.scribable/-/core.class.scribable-4.3.3.tgz#37d186faa68490c6e89bc8308b8bc96ec56ce563"
  integrity sha512-TcwHMvNmD807+FPx7OWcJ1FLcrFeXQa0DbBffShVOwzTvaFpAA2wS+tVFTRc3P/koU4BVhHvyIt8QixwbZjUMg==
  dependencies:
    "@graphy/core.data.factory" "^4.3.3"
    "@graphy/core.iso.stream" "^4.3.3"

"@graphy/core.class.writable@^4.3.3":
  version "4.3.3"
  resolved "https://registry.yarnpkg.com/@graphy/core.class.writable/-/core.class.writable-4.3.3.tgz#0a7b870b7c54da52322ceaa0d5cbb57198dc8004"
  integrity sha512-Sc+r3ROJBhT10F9NK91Sakzd7VGPUJGcAjxl64AQkwtFQ1GTRu0UgnbSx3zgj80u75s89w1cqPzHmJxC/s1BRA==
  dependencies:
    "@graphy/core.class.scribable" "^4.3.3"
    "@graphy/core.data.factory" "^4.3.3"

"@graphy/core.data.factory@^4.3.3":
  version "4.3.3"
  resolved "https://registry.yarnpkg.com/@graphy/core.data.factory/-/core.data.factory-4.3.3.tgz#432f1938817cf135916574b59b27f194dc2a1bd1"
  integrity sha512-qEODuBEk8+QvoPPs1FWXUNOOQr2mEZbZBJyAXv3ZIOi4PZ4uxmcKaqB0S4vxFEsfaNXMallMwREokhtfkxixdA==
  dependencies:
    uri-js "^4.4.0"

"@graphy/core.iso.stream@^4.3.3":
  version "4.3.3"
  resolved "https://registry.yarnpkg.com/@graphy/core.iso.stream/-/core.iso.stream-4.3.3.tgz#4a655a3db874d3eccd17ec553f577d73be2dc30e"
  integrity sha512-XFbJDpgariyXzk14HAm7ce4sqLYxZ3ck8vSYJfrfQoZLVJ64K0o7+dNMOqKs6ukf2MfcRrEYhUB7pxbXhpl/PQ==
  dependencies:
    readable-stream "^3.6.0"

"@types/node@^14.14.10":
  version "14.14.12"
  resolved "https://registry.yarnpkg.com/@types/node/-/node-14.14.12.tgz#0b1d86f8c40141091285dea02e4940df73bba43f"
  integrity sha512-ASH8OPHMNlkdjrEdmoILmzFfsJICvhBsFfAum4aKZ/9U4B6M6tTmTPh+f3ttWdD74CEGV5XvXWkbyfSdXaTd7g==

ansi-regex@^5.0.0:
  version "5.0.0"
  resolved "https://registry.yarnpkg.com/ansi-regex/-/ansi-regex-5.0.0.tgz#388539f55179bf39339c81af30a654d69f87cb75"
  integrity sha512-bY6fj56OUQ0hU1KjFNDQuJFezqKdrAyFdIevADiqrWHwSlbmBNMHp5ak2f40Pm8JTFyM2mqxkG6ngkHO11f/lg==

ansi-styles@^4.0.0, ansi-styles@^4.1.0:
  version "4.3.0"
  resolved "https://registry.yarnpkg.com/ansi-styles/-/ansi-styles-4.3.0.tgz#edd803628ae71c04c85ae7a0906edad34b648937"
  integrity sha512-zbB9rCJAT1rbjiVDb2hqKFHNYLxgtk8NURxZ3IZwD3F6NtxbXZQCnnSi1Lkx+IDohdPlFp222wVALIheZJQSEg==
  dependencies:
    color-convert "^2.0.1"

big-integer@^1.6.48:
  version "1.6.48"
  resolved "https://registry.yarnpkg.com/big-integer/-/big-integer-1.6.48.tgz#8fd88bd1632cba4a1c8c3e3d7159f08bb95b4b9e"
  integrity sha512-j51egjPa7/i+RdiRuJbPdJ2FIUYYPhvYLjzoYbcMMm62ooO6F94fETG4MTs46zPAF9Brs04OajboA/qTGuz78w==

chalk@^4.1.0:
  version "4.1.0"
  resolved "https://registry.yarnpkg.com/chalk/-/chalk-4.1.0.tgz#4e14870a618d9e2edd97dd8345fd9d9dc315646a"
  integrity sha512-qwx12AxXe2Q5xQ43Ac//I6v5aXTipYrSESdOgzrN+9XjgEpyjpKuvSGaN4qE93f7TQTlerQQ8S+EQ0EyDoVL1A==
  dependencies:
    ansi-styles "^4.1.0"
    supports-color "^7.1.0"

cliui@^7.0.2:
  version "7.0.4"
  resolved "https://registry.yarnpkg.com/cliui/-/cliui-7.0.4.tgz#a0265ee655476fc807aea9df3df8df7783808b4f"
  integrity sha512-OcRE68cOsVMXp1Yvonl/fzkQOyjLSu/8bhPDfQt0e0/Eb283TKP20Fs2MqoPsr9SwA595rRCA+QMzYc9nBP+JQ==
  dependencies:
    string-width "^4.2.0"
    strip-ansi "^6.0.0"
    wrap-ansi "^7.0.0"

color-convert@^2.0.1:
  version "2.0.1"
  resolved "https://registry.yarnpkg.com/color-convert/-/color-convert-2.0.1.tgz#72d3a68d598c9bdb3af2ad1e84f21d896abd4de3"
  integrity sha512-RRECPsj7iu/xb5oKYcsFHSppFNnsj/52OVTRKb4zP5onXwVF3zVmmToNcOfGC+CRDpfK/U584fMg38ZHCaElKQ==
  dependencies:
    color-name "~1.1.4"

color-name@~1.1.4:
  version "1.1.4"
  resolved "https://registry.yarnpkg.com/color-name/-/color-name-1.1.4.tgz#c2a09a87acbde69543de6f63fa3995c826c536a2"
  integrity sha512-dOy+3AuW3a2wNbZHIuMZpTcgjGuLU/uBL/ubcZF9OXbDo8ff4O8yVp5Bf0efS8uEoYo5q4Fx7dY9OgQGXgAsQA==

emoji-regex@^8.0.0:
  version "8.0.0"
  resolved "https://registry.yarnpkg.com/emoji-regex/-/emoji-regex-8.0.0.tgz#e818fd69ce5ccfcb404594f842963bf53164cc37"
  integrity sha512-MSjYzcWNOA0ewAHpz0MxpYFvwg6yjy1NG3xteoqz644VCo/RPgnr1/GGt+ic3iJTzQ8Eu3TdM14SawnVUmGE6A==

escalade@^3.1.1:
  version "3.1.1"
  resolved "https://registry.yarnpkg.com/escalade/-/escalade-3.1.1.tgz#d8cfdc7000965c5a0174b4a82eaa5c0552742e40"
  integrity sha512-k0er2gUkLf8O0zKJiAhmkTnJlTvINGv7ygDNPbeIsX/TJjGJZHuh9B2UxbsaEkmlEo9MfhrSzmhIlhRlI2GXnw==

get-caller-file@^2.0.5:
  version "2.0.5"
  resolved "https://registry.yarnpkg.com/get-caller-file/-/get-caller-file-2.0.5.tgz#4f94412a82db32f36e3b0b9741f8a97feb031f7e"
  integrity sha512-DyFP3BM/3YHTQOCUL/w0OZHR0lpKeGrxotcHWcqNEdnltqFwXVfhEBQ94eIo34AfQpo0rGki4cyIiftY06h2Fg==

has-flag@^4.0.0:
  version "4.0.0"
  resolved "https://registry.yarnpkg.com/has-flag/-/has-flag-4.0.0.tgz#944771fd9c81c81265c4d6941860da06bb59479b"
  integrity sha512-EykJT/Q1KjTWctppgIAgfSO0tKVuZUjhgMr17kqTumMl6Afv3EISleU7qZUzoXDFTAHTDC4NOoG/ZxU3EvlMPQ==

inherits@^2.0.3:
  version "2.0.4"
  resolved "https://registry.yarnpkg.com/inherits/-/inherits-2.0.4.tgz#0fa2c64f932917c3433a0ded55363aae37416b7c"
  integrity sha512-k/vGaX4/Yla3WzyMCvTQOXYeIHvqOKtnqBduzTHpzpQZzAskKMhZ2K+EnBiSM9zGSoIFeMpXKxa4dYeZIQqewQ==

is-fullwidth-code-point@^3.0.0:
  version "3.0.0"
  resolved "https://registry.yarnpkg.com/is-fullwidth-code-point/-/is-fullwidth-code-point-3.0.0.tgz#f116f8064fe90b3f7844a38997c0b75051269f1d"
  integrity sha512-zymm5+u+sCsSWyD9qNaejV3DFvhCKclKdizYaJUuHA83RLjb7nSuGnddCHGv0hk+KY7BMAlsWeK4Ueg6EV6XQg==

node-xml-stream-parser@^1.0.12:
  version "1.0.12"
  resolved "https://registry.yarnpkg.com/node-xml-stream-parser/-/node-xml-stream-parser-1.0.12.tgz#2d97cc91147bbcdffa0a89cf7dfcc129db2aa789"
  integrity sha512-qfUiDv1F6OMSltv2/ay32q7fp995OrA3TmEdlwFcxEjAQPiEAH+qi3jAh0QjOTXNbdLa5hoYhuBPCiylllGfjg==

punycode@^2.1.0:
  version "2.1.1"
  resolved "https://registry.yarnpkg.com/punycode/-/punycode-2.1.1.tgz#b58b010ac40c22c5657616c8d2c2c02c7bf479ec"
  integrity sha512-XRsRjdf+j5ml+y/6GKHPZbrF/8p2Yga0JPtdqTIY2Xe5ohJPD9saDJJLPvp9+NSBprVvevdXZybnj2cv8OEd0A==

readable-stream@^3.6.0:
  version "3.6.0"
  resolved "https://registry.yarnpkg.com/readable-stream/-/readable-stream-3.6.0.tgz#337bbda3adc0706bd3e024426a286d4b4b2c9198"
  integrity sha512-BViHy7LKeTz4oNnkcLJ+lVSL6vpiFeX6/d3oSH8zCW7UxP2onchk+vTGB143xuFjHS3deTgkKoXXymXqymiIdA==
  dependencies:
    inherits "^2.0.3"
    string_decoder "^1.1.1"
    util-deprecate "^1.0.1"

require-directory@^2.1.1:
  version "2.1.1"
  resolved "https://registry.yarnpkg.com/require-directory/-/require-directory-2.1.1.tgz#8c64ad5fd30dab1c976e2344ffe7f792a6a6df42"
  integrity sha1-jGStX9MNqxyXbiNE/+f3kqam30I=

safe-buffer@~5.2.0:
  version "5.2.1"
  resolved "https://registry.yarnpkg.com/safe-buffer/-/safe-buffer-5.2.1.tgz#1eaf9fa9bdb1fdd4ec75f58f9cdb4e6b7827eec6"
  integrity sha512-rp3So07KcdmmKbGvgaNxQSJr7bGVSVk5S9Eq1F+ppbRo70+YeaDxkw5Dd8NPN+GD6bjnYm2VuPuCXmpuYvmCXQ==

sax@>=0.6.0:
  version "1.2.4"
  resolved "https://registry.yarnpkg.com/sax/-/sax-1.2.4.tgz#2816234e2378bddc4e5354fab5caa895df7100d9"
  integrity sha512-NqVDv9TpANUjFm0N8uM5GxL36UgKi9/atZw+x7YFnQ8ckwFGKrl4xX4yWtrey3UJm5nP1kUbnYgLopqWNSRhWw==

stream-chain@^2.2.3:
  version "2.2.3"
  resolved "https://registry.yarnpkg.com/stream-chain/-/stream-chain-2.2.3.tgz#44cfa21ab673e53a3f1691b3d1665c3aceb1983b"
  integrity sha512-w+WgmCZ6BItPAD3/4HD1eDiDHRLhjSSyIV+F0kcmmRyz8Uv9hvQF22KyaiAUmOlmX3pJ6F95h+C191UbS8Oe/g==

stream-json@^1.7.1:
  version "1.7.1"
  resolved "https://registry.yarnpkg.com/stream-json/-/stream-json-1.7.1.tgz#ec7e414c2eba456c89a4b4e5223794eabc3860c4"
  integrity sha512-I7g0IDqvdJXbJ279/D3ZoTx0VMhmKnEF7u38CffeWdF8bfpMPsLo+5fWnkNjO2GU/JjWaRjdH+zmH03q+XGXFw==
  dependencies:
    stream-chain "^2.2.3"

string-width@^4.1.0, string-width@^4.2.0:
  version "4.2.0"
  resolved "https://registry.yarnpkg.com/string-width/-/string-width-4.2.0.tgz#952182c46cc7b2c313d1596e623992bd163b72b5"
  integrity sha512-zUz5JD+tgqtuDjMhwIg5uFVV3dtqZ9yQJlZVfq4I01/K5Paj5UHj7VyrQOJvzawSVlKpObApbfD0Ed6yJc+1eg==
  dependencies:
    emoji-regex "^8.0.0"
    is-fullwidth-code-point "^3.0.0"
    strip-ansi "^6.0.0"

string_decoder@^1.1.1:
  version "1.3.0"
  resolved "https://registry.yarnpkg.com/string_decoder/-/string_decoder-1.3.0.tgz#42f114594a46cf1a8e30b0a84f56c78c3edac21e"
  integrity sha512-hkRX8U1WjJFd8LsDJ2yQ/wWWxaopEsABU1XfkM8A+j0+85JAGppt16cr1Whg6KIbb4okU6Mql6BOj+uup/wKeA==
  dependencies:
    safe-buffer "~5.2.0"

strip-ansi@^6.0.0:
  version "6.0.0"
  resolved "https://registry.yarnpkg.com/strip-ansi/-/strip-ansi-6.0.0.tgz#0b1571dd7669ccd4f3e06e14ef1eed26225ae532"
  integrity sha512-AuvKTrTfQNYNIctbR1K/YGTR1756GycPsg7b9bdV9Duqur4gv6aKqHXah67Z8ImS7WEz5QVcOtlfW2rZEugt6w==
  dependencies:
    ansi-regex "^5.0.0"

supports-color@^7.1.0:
  version "7.2.0"
  resolved "https://registry.yarnpkg.com/supports-color/-/supports-color-7.2.0.tgz#1b7dcdcb32b8138801b3e478ba6a51caa89648da"
  integrity sha512-qpCAvRl9stuOHveKsn7HncJRvv501qIacKzQlO/+Lwxc9+0q2wLyv4Dfvt80/DPn2pqOBsJdDiogXGR9+OvwRw==
  dependencies:
    has-flag "^4.0.0"

typescript@^4.1.2:
  version "4.1.2"
  resolved "https://registry.yarnpkg.com/typescript/-/typescript-4.1.2.tgz#6369ef22516fe5e10304aae5a5c4862db55380e9"
  integrity sha512-thGloWsGH3SOxv1SoY7QojKi0tc+8FnOmiarEGMbd/lar7QOEd3hvlx3Fp5y6FlDUGl9L+pd4n2e+oToGMmhRQ==

uri-js@^4.4.0:
  version "4.4.0"
  resolved "https://registry.yarnpkg.com/uri-js/-/uri-js-4.4.0.tgz#aa714261de793e8a82347a7bcc9ce74e86f28602"
  integrity sha512-B0yRTzYdUCCn9n+F4+Gh4yIDtMQcaJsmYBDsTSG8g/OejKBodLQ2IHfN3bM7jUsRXndopT7OIXWdYqc1fjmV6g==
  dependencies:
    punycode "^2.1.0"

util-deprecate@^1.0.1:
  version "1.0.2"
  resolved "https://registry.yarnpkg.com/util-deprecate/-/util-deprecate-1.0.2.tgz#450d4dc9fa70de732762fbd2d4a28981419a0ccf"
  integrity sha1-RQ1Nyfpw3nMnYvvS1KKJgUGaDM8=

wrap-ansi@^7.0.0:
  version "7.0.0"
  resolved "https://registry.yarnpkg.com/wrap-ansi/-/wrap-ansi-7.0.0.tgz#67e145cff510a6a6984bdf1152911d69d2eb9e43"
  integrity sha512-YVGIj2kamLSTxw6NsZjoBxfSwsn0ycdesmc4p+Q21c5zPuZ1pl+NfxVdxPtdHvmNVOQ6XSYG4AUtyt/Fi7D16Q==
  dependencies:
    ansi-styles "^4.0.0"
    string-width "^4.1.0"
    strip-ansi "^6.0.0"

xml2js@^0.4.23:
  version "0.4.23"
  resolved "https://registry.yarnpkg.com/xml2js/-/xml2js-0.4.23.tgz#a0c69516752421eb2ac758ee4d4ccf58843eac66"
  integrity sha512-ySPiMjM0+pLDftHgXY4By0uswI3SPKLDw/i3UXbnO8M/p28zqexCUoPmQFrYD+/1BzhGJSs2i1ERWKJAtiLrug==
  dependencies:
    sax ">=0.6.0"
    xmlbuilder "~11.0.0"

xmlbuilder@~11.0.0:
  version "11.0.1"
  resolved "https://registry.yarnpkg.com/xmlbuilder/-/xmlbuilder-11.0.1.tgz#be9bae1c8a046e76b31127726347d0ad7002beb3"
  integrity sha512-fDlsI/kFEx7gLvbecc0/ohLG50fugQp8ryHzMTuW9vSa1GJ0XYWKnhsUx7oie3G98+r56aTQIUB4kht42R3JvA==

y18n@^5.0.5:
  version "5.0.5"
  resolved "https://registry.yarnpkg.com/y18n/-/y18n-5.0.5.tgz#8769ec08d03b1ea2df2500acef561743bbb9ab18"
  integrity sha512-hsRUr4FFrvhhRH12wOdfs38Gy7k2FFzB9qgN9v3aLykRq0dRcdcpz5C9FxdS2NuhOrI/628b/KSTJ3rwHysYSg==

yargs-parser@^20.2.2:
  version "20.2.4"
  resolved "https://registry.yarnpkg.com/yargs-parser/-/yargs-parser-20.2.4.tgz#b42890f14566796f85ae8e3a25290d205f154a54"
  integrity sha512-WOkpgNhPTlE73h4VFAFsOnomJVaovO8VqLDzy5saChRBFQFBoMYirowyW+Q9HB4HFF4Z7VZTiG3iSzJJA29yRA==

yargs@^16.1.1:
  version "16.2.0"
  resolved "https://registry.yarnpkg.com/yargs/-/yargs-16.2.0.tgz#1c82bf0f6b6a66eafce7ef30e376f49a12477f66"
  integrity sha512-D1mvvtDG0L5ft/jGWkLpG1+m0eQxOfaBvTNELraWj22wSVUMWxZUvYgJYcKh6jGGIkJFhH4IZPQhR4TKpc8mBw==
  dependencies:
    cliui "^7.0.2"
    escalade "^3.1.1"
    get-caller-file "^2.0.5"
    require-directory "^2.1.1"
    string-width "^4.2.0"
    y18n "^5.0.5"
    yargs-parser "^20.2.2"
